
PODS:
- AFNetworking (1.1.0)
- FlurrySDK (4.1.0)
- RCLocationManager (0.1)
- SVProgressHUD (0.9)
- TestFlightSDK (1.2)

DEPENDENCIES:
- AFNetworking
- FlurrySDK
- RCLocationManager
- SVProgressHUD
- TestFlightSDK

SPEC CHECKSUMS:
  AFNetworking: 761a418233d280c1e0580bcb76ff9cb4c3073d17
  FlurrySDK: 52245ae8c6fa31825dc74a6afb94b861da2435fa
  RCLocationManager: f02bd426e93e87693fe8a2adf76f917a74d774c9
  SVProgressHUD: 98935fbafaf0031df4a9cafca3c66eaf3da06967
  TestFlightSDK: 29e194fb148e4861f92e4c1195b9697e1f3ad19a

COCOAPODS: 0.16.0
