// !$*UTF8*$!
{
	archiveVersion = 1;
	classes = {
	};
	objectVersion = 46;
	objects = {

/* Begin PBXBuildFile section */
		2A8862BB14CDEE2800DA87A1 /* appicon_114.png in Resources */ = {isa = PBXBuildFile; fileRef = 2A8862BA14CDEE2800DA87A1 /* appicon_114.png */; };
		554DAB3F14CC92AF0053E8CE /* UIKit.framework in Frameworks */ = {isa = PBXBuildFile; fileRef = 554DAB3E14CC92AF0053E8CE /* UIKit.framework */; };
		554DAB4114CC92AF0053E8CE /* Foundation.framework in Frameworks */ = {isa = PBXBuildFile; fileRef = 554DAB4014CC92AF0053E8CE /* Foundation.framework */; };
		554DAB4314CC92AF0053E8CE /* CoreGraphics.framework in Frameworks */ = {isa = PBXBuildFile; fileRef = 554DAB4214CC92AF0053E8CE /* CoreGraphics.framework */; };
		554DAB4914CC92AF0053E8CE /* InfoPlist.strings in Resources */ = {isa = PBXBuildFile; fileRef = 554DAB4714CC92AF0053E8CE /* InfoPlist.strings */; };
		554DAB4B14CC92AF0053E8CE /* main.m in Sources */ = {isa = PBXBuildFile; fileRef = 554DAB4A14CC92AF0053E8CE /* main.m */; };
		554DAB4F14CC92AF0053E8CE /* AppDelegate.m in Sources */ = {isa = PBXBuildFile; fileRef = 554DAB4E14CC92AF0053E8CE /* AppDelegate.m */; };
		554DAB5214CC92AF0053E8CE /* ViewController.m in Sources */ = {isa = PBXBuildFile; fileRef = 554DAB5114CC92AF0053E8CE /* ViewController.m */; };
		554DAB5514CC92AF0053E8CE /* ViewController.xib in Resources */ = {isa = PBXBuildFile; fileRef = 554DAB5314CC92AF0053E8CE /* ViewController.xib */; };
		554DAB6A14CCAE120053E8CE /* map.jpg in Resources */ = {isa = PBXBuildFile; fileRef = 554DAB6914CCAE120053E8CE /* map.jpg */; };
/* End PBXBuildFile section */

/* Begin PBXFileReference section */
		2A8862BA14CDEE2800DA87A1 /* appicon_114.png */ = {isa = PBXFileReference; lastKnownFileType = image.png; path = appicon_114.png; sourceTree = "<group>"; };
		554DAB3A14CC92AF0053E8CE /* tumbleweed.app */ = {isa = PBXFileReference; explicitFileType = wrapper.application; includeInIndex = 0; path = tumbleweed.app; sourceTree = BUILT_PRODUCTS_DIR; };
		554DAB3E14CC92AF0053E8CE /* UIKit.framework */ = {isa = PBXFileReference; lastKnownFileType = wrapper.framework; name = UIKit.framework; path = System/Library/Frameworks/UIKit.framework; sourceTree = SDKROOT; };
		554DAB4014CC92AF0053E8CE /* Foundation.framework */ = {isa = PBXFileReference; lastKnownFileType = wrapper.framework; name = Foundation.framework; path = System/Library/Frameworks/Foundation.framework; sourceTree = SDKROOT; };
		554DAB4214CC92AF0053E8CE /* CoreGraphics.framework */ = {isa = PBXFileReference; lastKnownFileType = wrapper.framework; name = CoreGraphics.framework; path = System/Library/Frameworks/CoreGraphics.framework; sourceTree = SDKROOT; };
		554DAB4614CC92AF0053E8CE /* tumbleweed-Info.plist */ = {isa = PBXFileReference; lastKnownFileType = text.plist.xml; path = "tumbleweed-Info.plist"; sourceTree = "<group>"; };
		554DAB4814CC92AF0053E8CE /* en */ = {isa = PBXFileReference; lastKnownFileType = text.plist.strings; name = en; path = en.lproj/InfoPlist.strings; sourceTree = "<group>"; };
		554DAB4A14CC92AF0053E8CE /* main.m */ = {isa = PBXFileReference; lastKnownFileType = sourcecode.c.objc; path = main.m; sourceTree = "<group>"; };
		554DAB4C14CC92AF0053E8CE /* tumbleweed-Prefix.pch */ = {isa = PBXFileReference; lastKnownFileType = sourcecode.c.h; path = "tumbleweed-Prefix.pch"; sourceTree = "<group>"; };
		554DAB4D14CC92AF0053E8CE /* AppDelegate.h */ = {isa = PBXFileReference; lastKnownFileType = sourcecode.c.h; path = AppDelegate.h; sourceTree = "<group>"; };
		554DAB4E14CC92AF0053E8CE /* AppDelegate.m */ = {isa = PBXFileReference; lastKnownFileType = sourcecode.c.objc; path = AppDelegate.m; sourceTree = "<group>"; };
		554DAB5014CC92AF0053E8CE /* ViewController.h */ = {isa = PBXFileReference; lastKnownFileType = sourcecode.c.h; path = ViewController.h; sourceTree = "<group>"; };
		554DAB5114CC92AF0053E8CE /* ViewController.m */ = {isa = PBXFileReference; lastKnownFileType = sourcecode.c.objc; path = ViewController.m; sourceTree = "<group>"; };
		554DAB5414CC92AF0053E8CE /* en */ = {isa = PBXFileReference; lastKnownFileType = file.xib; name = en; path = en.lproj/ViewController.xib; sourceTree = "<group>"; };
		554DAB6914CCAE120053E8CE /* map.jpg */ = {isa = PBXFileReference; lastKnownFileType = image.jpeg; path = map.jpg; sourceTree = "<group>"; };
/* End PBXFileReference section */

/* Begin PBXFrameworksBuildPhase section */
		554DAB3714CC92AF0053E8CE /* Frameworks */ = {
			isa = PBXFrameworksBuildPhase;
			buildActionMask = 2147483647;
			files = (
				554DAB3F14CC92AF0053E8CE /* UIKit.framework in Frameworks */,
				554DAB4114CC92AF0053E8CE /* Foundation.framework in Frameworks */,
				554DAB4314CC92AF0053E8CE /* CoreGraphics.framework in Frameworks */,
			);
			runOnlyForDeploymentPostprocessing = 0;
		};
/* End PBXFrameworksBuildPhase section */

/* Begin PBXGroup section */
		554DAB2F14CC92AF0053E8CE = {
			isa = PBXGroup;
			children = (
				2A8862BA14CDEE2800DA87A1 /* appicon_114.png */,
				554DAB4414CC92AF0053E8CE /* tumbleweed */,
				554DAB3D14CC92AF0053E8CE /* Frameworks */,
				554DAB3B14CC92AF0053E8CE /* Products */,
			);
			sourceTree = "<group>";
		};
		554DAB3B14CC92AF0053E8CE /* Products */ = {
			isa = PBXGroup;
			children = (
				554DAB3A14CC92AF0053E8CE /* tumbleweed.app */,
			);
			name = Products;
			sourceTree = "<group>";
		};
		554DAB3D14CC92AF0053E8CE /* Frameworks */ = {
			isa = PBXGroup;
			children = (
				554DAB3E14CC92AF0053E8CE /* UIKit.framework */,
				554DAB4014CC92AF0053E8CE /* Foundation.framework */,
				554DAB4214CC92AF0053E8CE /* CoreGraphics.framework */,
			);
			name = Frameworks;
			sourceTree = "<group>";
		};
		554DAB4414CC92AF0053E8CE /* tumbleweed */ = {
			isa = PBXGroup;
			children = (
				554DAB6B14CCB5250053E8CE /* main */,
				554DAB5014CC92AF0053E8CE /* ViewController.h */,
				554DAB5114CC92AF0053E8CE /* ViewController.m */,
				554DAB5314CC92AF0053E8CE /* ViewController.xib */,
				554DAB5B14CC93D00053E8CE /* assets */,
				554DAB4514CC92AF0053E8CE /* Supporting Files */,
			);
			path = tumbleweed;
			sourceTree = "<group>";
		};
		554DAB4514CC92AF0053E8CE /* Supporting Files */ = {
			isa = PBXGroup;
			children = (
				554DAB4614CC92AF0053E8CE /* tumbleweed-Info.plist */,
				554DAB4714CC92AF0053E8CE /* InfoPlist.strings */,
				554DAB4A14CC92AF0053E8CE /* main.m */,
				554DAB4C14CC92AF0053E8CE /* tumbleweed-Prefix.pch */,
			);
			name = "Supporting Files";
			sourceTree = "<group>";
		};
		554DAB5B14CC93D00053E8CE /* assets */ = {
			isa = PBXGroup;
			children = (
				554DAB6914CCAE120053E8CE /* map.jpg */,
			);
			name = assets;
			sourceTree = "<group>";
		};
		554DAB6B14CCB5250053E8CE /* main */ = {
			isa = PBXGroup;
			children = (
				554DAB4D14CC92AF0053E8CE /* AppDelegate.h */,
				554DAB4E14CC92AF0053E8CE /* AppDelegate.m */,
			);
			name = main;
			sourceTree = "<group>";
		};
/* End PBXGroup section */

/* Begin PBXNativeTarget section */
		554DAB3914CC92AF0053E8CE /* tumbleweed */ = {
			isa = PBXNativeTarget;
			buildConfigurationList = 554DAB5814CC92AF0053E8CE /* Build configuration list for PBXNativeTarget "tumbleweed" */;
			buildPhases = (
				554DAB3614CC92AF0053E8CE /* Sources */,
				554DAB3714CC92AF0053E8CE /* Frameworks */,
				554DAB3814CC92AF0053E8CE /* Resources */,
			);
			buildRules = (
			);
			dependencies = (
			);
			name = tumbleweed;
			productName = tumbleweed;
			productReference = 554DAB3A14CC92AF0053E8CE /* tumbleweed.app */;
			productType = "com.apple.product-type.application";
		};
/* End PBXNativeTarget section */

/* Begin PBXProject section */
		554DAB3114CC92AF0053E8CE /* Project object */ = {
			isa = PBXProject;
			attributes = {
				LastUpgradeCheck = 0420;
				ORGANIZATIONNAME = "AI Capital";
			};
			buildConfigurationList = 554DAB3414CC92AF0053E8CE /* Build configuration list for PBXProject "tumbleweed" */;
			compatibilityVersion = "Xcode 3.2";
			developmentRegion = English;
			hasScannedForEncodings = 0;
			knownRegions = (
				en,
			);
			mainGroup = 554DAB2F14CC92AF0053E8CE;
			productRefGroup = 554DAB3B14CC92AF0053E8CE /* Products */;
			projectDirPath = "";
			projectRoot = "";
			targets = (
				554DAB3914CC92AF0053E8CE /* tumbleweed */,
			);
		};
/* End PBXProject section */

/* Begin PBXResourcesBuildPhase section */
		554DAB3814CC92AF0053E8CE /* Resources */ = {
			isa = PBXResourcesBuildPhase;
			buildActionMask = 2147483647;
			files = (
				554DAB4914CC92AF0053E8CE /* InfoPlist.strings in Resources */,
				554DAB5514CC92AF0053E8CE /* ViewController.xib in Resources */,
				554DAB6A14CCAE120053E8CE /* map.jpg in Resources */,
				2A8862BB14CDEE2800DA87A1 /* appicon_114.png in Resources */,
			);
			runOnlyForDeploymentPostprocessing = 0;
		};
/* End PBXResourcesBuildPhase section */

/* Begin PBXSourcesBuildPhase section */
		554DAB3614CC92AF0053E8CE /* Sources */ = {
			isa = PBXSourcesBuildPhase;
			buildActionMask = 2147483647;
			files = (
				554DAB4B14CC92AF0053E8CE /* main.m in Sources */,
				554DAB4F14CC92AF0053E8CE /* AppDelegate.m in Sources */,
				554DAB5214CC92AF0053E8CE /* ViewController.m in Sources */,
			);
			runOnlyForDeploymentPostprocessing = 0;
		};
/* End PBXSourcesBuildPhase section */

/* Begin PBXVariantGroup section */
		554DAB4714CC92AF0053E8CE /* InfoPlist.strings */ = {
			isa = PBXVariantGroup;
			children = (
				554DAB4814CC92AF0053E8CE /* en */,
			);
			name = InfoPlist.strings;
			sourceTree = "<group>";
		};
		554DAB5314CC92AF0053E8CE /* ViewController.xib */ = {
			isa = PBXVariantGroup;
			children = (
				554DAB5414CC92AF0053E8CE /* en */,
			);
			name = ViewController.xib;
			sourceTree = "<group>";
		};
/* End PBXVariantGroup section */

/* Begin XCBuildConfiguration section */
		554DAB5614CC92AF0053E8CE /* Debug */ = {
			isa = XCBuildConfiguration;
			buildSettings = {
				ALWAYS_SEARCH_USER_PATHS = NO;
				ARCHS = "$(ARCHS_STANDARD_32_BIT)";
				CLANG_ENABLE_OBJC_ARC = YES;
				CODE_SIGN_IDENTITY = "iPhone Distribution: David Cascino";
				"CODE_SIGN_IDENTITY[sdk=iphoneos*]" = "iPhone Distribution: David Cascino";
				COPY_PHASE_STRIP = NO;
				GCC_C_LANGUAGE_STANDARD = gnu99;
				GCC_DYNAMIC_NO_PIC = NO;
				GCC_OPTIMIZATION_LEVEL = 0;
				GCC_PREPROCESSOR_DEFINITIONS = (
					"DEBUG=1",
					"$(inherited)",
				);
				GCC_SYMBOLS_PRIVATE_EXTERN = NO;
				GCC_VERSION = com.apple.compilers.llvm.clang.1_0;
				GCC_WARN_ABOUT_MISSING_PROTOTYPES = YES;
				GCC_WARN_ABOUT_RETURN_TYPE = YES;
				GCC_WARN_UNUSED_VARIABLE = YES;
				IPHONEOS_DEPLOYMENT_TARGET = 5.0;
				PROVISIONING_PROFILE = "C92EF9F8-6976-4DFF-B5CB-8C30197E8822";
				"PROVISIONING_PROFILE[sdk=iphoneos*]" = "C92EF9F8-6976-4DFF-B5CB-8C30197E8822";
				SDKROOT = iphoneos;
			};
			name = Debug;
		};
		554DAB5714CC92AF0053E8CE /* Release */ = {
			isa = XCBuildConfiguration;
			buildSettings = {
				ALWAYS_SEARCH_USER_PATHS = NO;
				ARCHS = "$(ARCHS_STANDARD_32_BIT)";
				CLANG_ENABLE_OBJC_ARC = YES;
				CODE_SIGN_IDENTITY = "iPhone Distribution: David Cascino";
				"CODE_SIGN_IDENTITY[sdk=iphoneos*]" = "iPhone Distribution: David Cascino";
				COPY_PHASE_STRIP = YES;
				GCC_C_LANGUAGE_STANDARD = gnu99;
				GCC_VERSION = com.apple.compilers.llvm.clang.1_0;
				GCC_WARN_ABOUT_MISSING_PROTOTYPES = YES;
				GCC_WARN_ABOUT_RETURN_TYPE = YES;
				GCC_WARN_UNUSED_VARIABLE = YES;
				IPHONEOS_DEPLOYMENT_TARGET = 5.0;
				OTHER_CFLAGS = "-DNS_BLOCK_ASSERTIONS=1";
				PROVISIONING_PROFILE = "C92EF9F8-6976-4DFF-B5CB-8C30197E8822";
				"PROVISIONING_PROFILE[sdk=iphoneos*]" = "C92EF9F8-6976-4DFF-B5CB-8C30197E8822";
				SDKROOT = iphoneos;
				VALIDATE_PRODUCT = YES;
			};
			name = Release;
		};
		554DAB5914CC92AF0053E8CE /* Debug */ = {
			isa = XCBuildConfiguration;
			buildSettings = {
				GCC_PRECOMPILE_PREFIX_HEADER = YES;
				GCC_PREFIX_HEADER = "tumbleweed/tumbleweed-Prefix.pch";
				INFOPLIST_FILE = "tumbleweed/tumbleweed-Info.plist";
				PRODUCT_NAME = "$(TARGET_NAME)";
				WRAPPER_EXTENSION = app;
			};
			name = Debug;
		};
		554DAB5A14CC92AF0053E8CE /* Release */ = {
			isa = XCBuildConfiguration;
			buildSettings = {
				CODE_SIGN_IDENTITY = "iPhone Distribution";
				GCC_PRECOMPILE_PREFIX_HEADER = YES;
				GCC_PREFIX_HEADER = "tumbleweed/tumbleweed-Prefix.pch";
				INFOPLIST_FILE = "tumbleweed/tumbleweed-Info.plist";
				PRODUCT_NAME = "$(TARGET_NAME)";
				PROVISIONING_PROFILE = "";
				WRAPPER_EXTENSION = app;
			};
			name = Release;
		};
/* End XCBuildConfiguration section */

/* Begin XCConfigurationList section */
		554DAB3414CC92AF0053E8CE /* Build configuration list for PBXProject "tumbleweed" */ = {
			isa = XCConfigurationList;
			buildConfigurations = (
				554DAB5614CC92AF0053E8CE /* Debug */,
				554DAB5714CC92AF0053E8CE /* Release */,
			);
			defaultConfigurationIsVisible = 0;
			defaultConfigurationName = Release;
		};
		554DAB5814CC92AF0053E8CE /* Build configuration list for PBXNativeTarget "tumbleweed" */ = {
			isa = XCConfigurationList;
			buildConfigurations = (
				554DAB5914CC92AF0053E8CE /* Debug */,
				554DAB5A14CC92AF0053E8CE /* Release */,
			);
			defaultConfigurationIsVisible = 0;
			defaultConfigurationName = Release;
		};
/* End XCConfigurationList section */
	};
	rootObject = 554DAB3114CC92AF0053E8CE /* Project object */;
}
